
Microsoft Visual Studio Solution File, Format Version 12.00
# Visual Studio Version 17
VisualStudioVersion = 17.3.32512.399
MinimumVisualStudioVersion = 10.0.40219.1
Project("{FAE04EC0-301F-11D3-BF4B-00C04F79EFBC}") = "XamarinFormsEmptyApp.UWP", "XamarinFormsEmptyApp\XamarinFormsEmptyApp.UWP\XamarinFormsEmptyApp.UWP.csproj", "{867D7CCF-FD62-435E-B43B-F080F2BAF9FD}"
EndProject
Project("{FAE04EC0-301F-11D3-BF4B-00C04F79EFBC}") = "XamarinFormsEmptyApp.Android", "XamarinFormsEmptyApp\XamarinFormsEmptyApp.Android\XamarinFormsEmptyApp.Android.csproj", "{67B71E7E-E4BA-4B39-9AE5-6B8A6A9E2DD6}"
EndProject
Project("{FAE04EC0-301F-11D3-BF4B-00C04F79EFBC}") = "XamarinFormsEmptyApp.iOS", "XamarinFormsEmptyApp\XamarinFormsEmptyApp.iOS\XamarinFormsEmptyApp.iOS.csproj", "{B8AC5BC5-A9D1-498D-8E71-20AFEC86EA02}"
EndProject
Project("{FAE04EC0-301F-11D3-BF4B-00C04F79EFBC}") = "XamarinFormsEmptyApp", "XamarinFormsEmptyApp\XamarinFormsEmptyApp\XamarinFormsEmptyApp.csproj", "{27249F22-5ED1-45C4-AC2F-E544691F6F00}"
EndProject
Global
	GlobalSection(SolutionConfigurationPlatforms) = preSolution
		Debug|Any CPU = Debug|Any CPU
		Debug|ARM = Debug|ARM
		Debug|iPhone = Debug|iPhone
		Debug|iPhoneSimulator = Debug|iPhoneSimulator
		Debug|x64 = Debug|x64
		Debug|x86 = Debug|x86
		Release|Any CPU = Release|Any CPU
		Release|ARM = Release|ARM
		Release|iPhone = Release|iPhone
		Release|iPhoneSimulator = Release|iPhoneSimulator
		Release|x64 = Release|x64
		Release|x86 = Release|x86
	EndGlobalSection
	GlobalSection(ProjectConfigurationPlatforms) = postSolution
		{867D7CCF-FD62-435E-B43B-F080F2BAF9FD}.Debug|Any CPU.ActiveCfg = Debug|x64
		{867D7CCF-FD62-435E-B43B-F080F2BAF9FD}.Debug|Any CPU.Build.0 = Debug|x64
		{867D7CCF-FD62-435E-B43B-F080F2BAF9FD}.Debug|Any CPU.Deploy.0 = Debug|x64
		{867D7CCF-FD62-435E-B43B-F080F2BAF9FD}.Debug|ARM.ActiveCfg = Debug|ARM
		{867D7CCF-FD62-435E-B43B-F080F2BAF9FD}.Debug|ARM.Build.0 = Debug|ARM
		{867D7CCF-FD62-435E-B43B-F080F2BAF9FD}.Debug|ARM.Deploy.0 = Debug|ARM
		{867D7CCF-FD62-435E-B43B-F080F2BAF9FD}.Debug|iPhone.ActiveCfg = Debug|x64
		{867D7CCF-FD62-435E-B43B-F080F2BAF9FD}.Debug|iPhone.Build.0 = Debug|x64
		{867D7CCF-FD62-435E-B43B-F080F2BAF9FD}.Debug|iPhone.Deploy.0 = Debug|x64
		{867D7CCF-FD62-435E-B43B-F080F2BAF9FD}.Debug|iPhoneSimulator.ActiveCfg = Debug|x64
		{867D7CCF-FD62-435E-B43B-F080F2BAF9FD}.Debug|iPhoneSimulator.Build.0 = Debug|x64
		{867D7CCF-FD62-435E-B43B-F080F2BAF9FD}.Debug|iPhoneSimulator.Deploy.0 = Debug|x64
		{867D7CCF-FD62-435E-B43B-F080F2BAF9FD}.Debug|x64.ActiveCfg = Debug|x64
		{867D7CCF-FD62-435E-B43B-F080F2BAF9FD}.Debug|x64.Build.0 = Debug|x64
		{867D7CCF-FD62-435E-B43B-F080F2BAF9FD}.Debug|x64.Deploy.0 = Debug|x64
		{867D7CCF-FD62-435E-B43B-F080F2BAF9FD}.Debug|x86.ActiveCfg = Debug|x86
		{867D7CCF-FD62-435E-B43B-F080F2BAF9FD}.Debug|x86.Build.0 = Debug|x86
		{867D7CCF-FD62-435E-B43B-F080F2BAF9FD}.Debug|x86.Deploy.0 = Debug|x86
		{867D7CCF-FD62-435E-B43B-F080F2BAF9FD}.Release|Any CPU.ActiveCfg = Release|x64
		{867D7CCF-FD62-435E-B43B-F080F2BAF9FD}.Release|Any CPU.Build.0 = Release|x64
		{867D7CCF-FD62-435E-B43B-F080F2BAF9FD}.Release|Any CPU.Deploy.0 = Release|x64
		{867D7CCF-FD62-435E-B43B-F080F2BAF9FD}.Release|ARM.ActiveCfg = Release|ARM
		{867D7CCF-FD62-435E-B43B-F080F2BAF9FD}.Release|ARM.Build.0 = Release|ARM
		{867D7CCF-FD62-435E-B43B-F080F2BAF9FD}.Release|ARM.Deploy.0 = Release|ARM
		{867D7CCF-FD62-435E-B43B-F080F2BAF9FD}.Release|iPhone.ActiveCfg = Release|x64
		{867D7CCF-FD62-435E-B43B-F080F2BAF9FD}.Release|iPhone.Build.0 = Release|x64
		{867D7CCF-FD62-435E-B43B-F080F2BAF9FD}.Release|iPhone.Deploy.0 = Release|x64
		{867D7CCF-FD62-435E-B43B-F080F2BAF9FD}.Release|iPhoneSimulator.ActiveCfg = Release|x64
		{867D7CCF-FD62-435E-B43B-F080F2BAF9FD}.Release|iPhoneSimulator.Build.0 = Release|x64
		{867D7CCF-FD62-435E-B43B-F080F2BAF9FD}.Release|iPhoneSimulator.Deploy.0 = Release|x64
		{867D7CCF-FD62-435E-B43B-F080F2BAF9FD}.Release|x64.ActiveCfg = Release|x64
		{867D7CCF-FD62-435E-B43B-F080F2BAF9FD}.Release|x64.Build.0 = Release|x64
		{867D7CCF-FD62-435E-B43B-F080F2BAF9FD}.Release|x64.Deploy.0 = Release|x64
		{867D7CCF-FD62-435E-B43B-F080F2BAF9FD}.Release|x86.ActiveCfg = Release|x86
		{867D7CCF-FD62-435E-B43B-F080F2BAF9FD}.Release|x86.Build.0 = Release|x86
		{867D7CCF-FD62-435E-B43B-F080F2BAF9FD}.Release|x86.Deploy.0 = Release|x86
		{67B71E7E-E4BA-4B39-9AE5-6B8A6A9E2DD6}.Debug|Any CPU.ActiveCfg = Debug|Any CPU
		{67B71E7E-E4BA-4B39-9AE5-6B8A6A9E2DD6}.Debug|Any CPU.Build.0 = Debug|Any CPU
		{67B71E7E-E4BA-4B39-9AE5-6B8A6A9E2DD6}.Debug|Any CPU.Deploy.0 = Debug|Any CPU
		{67B71E7E-E4BA-4B39-9AE5-6B8A6A9E2DD6}.Debug|ARM.ActiveCfg = Debug|Any CPU
		{67B71E7E-E4BA-4B39-9AE5-6B8A6A9E2DD6}.Debug|ARM.Build.0 = Debug|Any CPU
		{67B71E7E-E4BA-4B39-9AE5-6B8A6A9E2DD6}.Debug|ARM.Deploy.0 = Debug|Any CPU
		{67B71E7E-E4BA-4B39-9AE5-6B8A6A9E2DD6}.Debug|iPhone.ActiveCfg = Debug|Any CPU
		{67B71E7E-E4BA-4B39-9AE5-6B8A6A9E2DD6}.Debug|iPhone.Build.0 = Debug|Any CPU
		{67B71E7E-E4BA-4B39-9AE5-6B8A6A9E2DD6}.Debug|iPhone.Deploy.0 = Debug|Any CPU
		{67B71E7E-E4BA-4B39-9AE5-6B8A6A9E2DD6}.Debug|iPhoneSimulator.ActiveCfg = Debug|Any CPU
		{67B71E7E-E4BA-4B39-9AE5-6B8A6A9E2DD6}.Debug|iPhoneSimulator.Build.0 = Debug|Any CPU
		{67B71E7E-E4BA-4B39-9AE5-6B8A6A9E2DD6}.Debug|iPhoneSimulator.Deploy.0 = Debug|Any CPU
		{67B71E7E-E4BA-4B39-9AE5-6B8A6A9E2DD6}.Debug|x64.ActiveCfg = Debug|Any CPU
		{67B71E7E-E4BA-4B39-9AE5-6B8A6A9E2DD6}.Debug|x64.Build.0 = Debug|Any CPU
		{67B71E7E-E4BA-4B39-9AE5-6B8A6A9E2DD6}.Debug|x64.Deploy.0 = Debug|Any CPU
		{67B71E7E-E4BA-4B39-9AE5-6B8A6A9E2DD6}.Debug|x86.ActiveCfg = Debug|Any CPU
		{67B71E7E-E4BA-4B39-9AE5-6B8A6A9E2DD6}.Debug|x86.Build.0 = Debug|Any CPU
		{67B71E7E-E4BA-4B39-9AE5-6B8A6A9E2DD6}.Debug|x86.Deploy.0 = Debug|Any CPU
		{67B71E7E-E4BA-4B39-9AE5-6B8A6A9E2DD6}.Release|Any CPU.ActiveCfg = Release|Any CPU
		{67B71E7E-E4BA-4B39-9AE5-6B8A6A9E2DD6}.Release|Any CPU.Build.0 = Release|Any CPU
		{67B71E7E-E4BA-4B39-9AE5-6B8A6A9E2DD6}.Release|Any CPU.Deploy.0 = Release|Any CPU
		{67B71E7E-E4BA-4B39-9AE5-6B8A6A9E2DD6}.Release|ARM.ActiveCfg = Release|Any CPU
		{67B71E7E-E4BA-4B39-9AE5-6B8A6A9E2DD6}.Release|ARM.Build.0 = Release|Any CPU
		{67B71E7E-E4BA-4B39-9AE5-6B8A6A9E2DD6}.Release|ARM.Deploy.0 = Release|Any CPU
		{67B71E7E-E4BA-4B39-9AE5-6B8A6A9E2DD6}.Release|iPhone.ActiveCfg = Release|Any CPU
		{67B71E7E-E4BA-4B39-9AE5-6B8A6A9E2DD6}.Release|iPhone.Build.0 = Release|Any CPU
		{67B71E7E-E4BA-4B39-9AE5-6B8A6A9E2DD6}.Release|iPhone.Deploy.0 = Release|Any CPU
		{67B71E7E-E4BA-4B39-9AE5-6B8A6A9E2DD6}.Release|iPhoneSimulator.ActiveCfg = Release|Any CPU
		{67B71E7E-E4BA-4B39-9AE5-6B8A6A9E2DD6}.Release|iPhoneSimulator.Build.0 = Release|Any CPU
		{67B71E7E-E4BA-4B39-9AE5-6B8A6A9E2DD6}.Release|iPhoneSimulator.Deploy.0 = Release|Any CPU
		{67B71E7E-E4BA-4B39-9AE5-6B8A6A9E2DD6}.Release|x64.ActiveCfg = Release|Any CPU
		{67B71E7E-E4BA-4B39-9AE5-6B8A6A9E2DD6}.Release|x64.Build.0 = Release|Any CPU
		{67B71E7E-E4BA-4B39-9AE5-6B8A6A9E2DD6}.Release|x64.Deploy.0 = Release|Any CPU
		{67B71E7E-E4BA-4B39-9AE5-6B8A6A9E2DD6}.Release|x86.ActiveCfg = Release|Any CPU
		{67B71E7E-E4BA-4B39-9AE5-6B8A6A9E2DD6}.Release|x86.Build.0 = Release|Any CPU
		{67B71E7E-E4BA-4B39-9AE5-6B8A6A9E2DD6}.Release|x86.Deploy.0 = Release|Any CPU
		{B8AC5BC5-A9D1-498D-8E71-20AFEC86EA02}.Debug|Any CPU.ActiveCfg = Debug|iPhoneSimulator
		{B8AC5BC5-A9D1-498D-8E71-20AFEC86EA02}.Debug|Any CPU.Build.0 = Debug|iPhoneSimulator
		{B8AC5BC5-A9D1-498D-8E71-20AFEC86EA02}.Debug|Any CPU.Deploy.0 = Debug|iPhoneSimulator
		{B8AC5BC5-A9D1-498D-8E71-20AFEC86EA02}.Debug|ARM.ActiveCfg = Debug|iPhoneSimulator
		{B8AC5BC5-A9D1-498D-8E71-20AFEC86EA02}.Debug|ARM.Build.0 = Debug|iPhoneSimulator
		{B8AC5BC5-A9D1-498D-8E71-20AFEC86EA02}.Debug|ARM.Deploy.0 = Debug|iPhoneSimulator
		{B8AC5BC5-A9D1-498D-8E71-20AFEC86EA02}.Debug|iPhone.ActiveCfg = Debug|iPhone
		{B8AC5BC5-A9D1-498D-8E71-20AFEC86EA02}.Debug|iPhone.Build.0 = Debug|iPhone
		{B8AC5BC5-A9D1-498D-8E71-20AFEC86EA02}.Debug|iPhone.Deploy.0 = Debug|iPhone
		{B8AC5BC5-A9D1-498D-8E71-20AFEC86EA02}.Debug|iPhoneSimulator.ActiveCfg = Debug|iPhoneSimulator
		{B8AC5BC5-A9D1-498D-8E71-20AFEC86EA02}.Debug|iPhoneSimulator.Build.0 = Debug|iPhoneSimulator
		{B8AC5BC5-A9D1-498D-8E71-20AFEC86EA02}.Debug|iPhoneSimulator.Deploy.0 = Debug|iPhoneSimulator
		{B8AC5BC5-A9D1-498D-8E71-20AFEC86EA02}.Debug|x64.ActiveCfg = Debug|iPhone
		{B8AC5BC5-A9D1-498D-8E71-20AFEC86EA02}.Debug|x64.Build.0 = Debug|iPhone
		{B8AC5BC5-A9D1-498D-8E71-20AFEC86EA02}.Debug|x64.Deploy.0 = Debug|iPhone
		{B8AC5BC5-A9D1-498D-8E71-20AFEC86EA02}.Debug|x86.ActiveCfg = Debug|iPhoneSimulator
		{B8AC5BC5-A9D1-498D-8E71-20AFEC86EA02}.Debug|x86.Build.0 = Debug|iPhoneSimulator
		{B8AC5BC5-A9D1-498D-8E71-20AFEC86EA02}.Debug|x86.Deploy.0 = Debug|iPhoneSimulator
		{B8AC5BC5-A9D1-498D-8E71-20AFEC86EA02}.Release|Any CPU.ActiveCfg = Release|iPhoneSimulator
		{B8AC5BC5-A9D1-498D-8E71-20AFEC86EA02}.Release|Any CPU.Build.0 = Release|iPhoneSimulator
		{B8AC5BC5-A9D1-498D-8E71-20AFEC86EA02}.Release|Any CPU.Deploy.0 = Release|iPhoneSimulator
		{B8AC5BC5-A9D1-498D-8E71-20AFEC86EA02}.Release|ARM.ActiveCfg = Release|iPhoneSimulator
		{B8AC5BC5-A9D1-498D-8E71-20AFEC86EA02}.Release|ARM.Build.0 = Release|iPhoneSimulator
		{B8AC5BC5-A9D1-498D-8E71-20AFEC86EA02}.Release|ARM.Deploy.0 = Release|iPhoneSimulator
		{B8AC5BC5-A9D1-498D-8E71-20AFEC86EA02}.Release|iPhone.ActiveCfg = Release|iPhone
		{B8AC5BC5-A9D1-498D-8E71-20AFEC86EA02}.Release|iPhone.Build.0 = Release|iPhone
		{B8AC5BC5-A9D1-498D-8E71-20AFEC86EA02}.Release|iPhone.Deploy.0 = Release|iPhone
		{B8AC5BC5-A9D1-498D-8E71-20AFEC86EA02}.Release|iPhoneSimulator.ActiveCfg = Release|iPhoneSimulator
		{B8AC5BC5-A9D1-498D-8E71-20AFEC86EA02}.Release|iPhoneSimulator.Build.0 = Release|iPhoneSimulator
		{B8AC5BC5-A9D1-498D-8E71-20AFEC86EA02}.Release|iPhoneSimulator.Deploy.0 = Release|iPhoneSimulator
		{B8AC5BC5-A9D1-498D-8E71-20AFEC86EA02}.Release|x64.ActiveCfg = Release|iPhoneSimulator
		{B8AC5BC5-A9D1-498D-8E71-20AFEC86EA02}.Release|x64.Build.0 = Release|iPhoneSimulator
		{B8AC5BC5-A9D1-498D-8E71-20AFEC86EA02}.Release|x64.Deploy.0 = Release|iPhoneSimulator
		{B8AC5BC5-A9D1-498D-8E71-20AFEC86EA02}.Release|x86.ActiveCfg = Release|iPhoneSimulator
		{B8AC5BC5-A9D1-498D-8E71-20AFEC86EA02}.Release|x86.Build.0 = Release|iPhoneSimulator
		{B8AC5BC5-A9D1-498D-8E71-20AFEC86EA02}.Release|x86.Deploy.0 = Release|iPhoneSimulator
		{27249F22-5ED1-45C4-AC2F-E544691F6F00}.Debug|Any CPU.ActiveCfg = Debug|Any CPU
		{27249F22-5ED1-45C4-AC2F-E544691F6F00}.Debug|Any CPU.Build.0 = Debug|Any CPU
		{27249F22-5ED1-45C4-AC2F-E544691F6F00}.Debug|Any CPU.Deploy.0 = Debug|Any CPU
		{27249F22-5ED1-45C4-AC2F-E544691F6F00}.Debug|ARM.ActiveCfg = Debug|Any CPU
		{27249F22-5ED1-45C4-AC2F-E544691F6F00}.Debug|ARM.Build.0 = Debug|Any CPU
		{27249F22-5ED1-45C4-AC2F-E544691F6F00}.Debug|ARM.Deploy.0 = Debug|Any CPU
		{27249F22-5ED1-45C4-AC2F-E544691F6F00}.Debug|iPhone.ActiveCfg = Debug|Any CPU
		{27249F22-5ED1-45C4-AC2F-E544691F6F00}.Debug|iPhone.Build.0 = Debug|Any CPU
		{27249F22-5ED1-45C4-AC2F-E544691F6F00}.Debug|iPhone.Deploy.0 = Debug|Any CPU
		{27249F22-5ED1-45C4-AC2F-E544691F6F00}.Debug|iPhoneSimulator.ActiveCfg = Debug|Any CPU
		{27249F22-5ED1-45C4-AC2F-E544691F6F00}.Debug|iPhoneSimulator.Build.0 = Debug|Any CPU
		{27249F22-5ED1-45C4-AC2F-E544691F6F00}.Debug|iPhoneSimulator.Deploy.0 = Debug|Any CPU
		{27249F22-5ED1-45C4-AC2F-E544691F6F00}.Debug|x64.ActiveCfg = Debug|Any CPU
		{27249F22-5ED1-45C4-AC2F-E544691F6F00}.Debug|x64.Build.0 = Debug|Any CPU
		{27249F22-5ED1-45C4-AC2F-E544691F6F00}.Debug|x64.Deploy.0 = Debug|Any CPU
		{27249F22-5ED1-45C4-AC2F-E544691F6F00}.Debug|x86.ActiveCfg = Debug|Any CPU
		{27249F22-5ED1-45C4-AC2F-E544691F6F00}.Debug|x86.Build.0 = Debug|Any CPU
		{27249F22-5ED1-45C4-AC2F-E544691F6F00}.Debug|x86.Deploy.0 = Debug|Any CPU
		{27249F22-5ED1-45C4-AC2F-E544691F6F00}.Release|Any CPU.ActiveCfg = Release|Any CPU
		{27249F22-5ED1-45C4-AC2F-E544691F6F00}.Release|Any CPU.Build.0 = Release|Any CPU
		{27249F22-5ED1-45C4-AC2F-E544691F6F00}.Release|Any CPU.Deploy.0 = Release|Any CPU
		{27249F22-5ED1-45C4-AC2F-E544691F6F00}.Release|ARM.ActiveCfg = Release|Any CPU
		{27249F22-5ED1-45C4-AC2F-E544691F6F00}.Release|ARM.Build.0 = Release|Any CPU
		{27249F22-5ED1-45C4-AC2F-E544691F6F00}.Release|ARM.Deploy.0 = Release|Any CPU
		{27249F22-5ED1-45C4-AC2F-E544691F6F00}.Release|iPhone.ActiveCfg = Release|Any CPU
		{27249F22-5ED1-45C4-AC2F-E544691F6F00}.Release|iPhone.Build.0 = Release|Any CPU
		{27249F22-5ED1-45C4-AC2F-E544691F6F00}.Release|iPhone.Deploy.0 = Release|Any CPU
		{27249F22-5ED1-45C4-AC2F-E544691F6F00}.Release|iPhoneSimulator.ActiveCfg = Release|Any CPU
		{27249F22-5ED1-45C4-AC2F-E544691F6F00}.Release|iPhoneSimulator.Build.0 = Release|Any CPU
		{27249F22-5ED1-45C4-AC2F-E544691F6F00}.Release|iPhoneSimulator.Deploy.0 = Release|Any CPU
		{27249F22-5ED1-45C4-AC2F-E544691F6F00}.Release|x64.ActiveCfg = Release|Any CPU
		{27249F22-5ED1-45C4-AC2F-E544691F6F00}.Release|x64.Build.0 = Release|Any CPU
		{27249F22-5ED1-45C4-AC2F-E544691F6F00}.Release|x64.Deploy.0 = Release|Any CPU
		{27249F22-5ED1-45C4-AC2F-E544691F6F00}.Release|x86.ActiveCfg = Release|Any CPU
		{27249F22-5ED1-45C4-AC2F-E544691F6F00}.Release|x86.Build.0 = Release|Any CPU
		{27249F22-5ED1-45C4-AC2F-E544691F6F00}.Release|x86.Deploy.0 = Release|Any CPU
	EndGlobalSection
	GlobalSection(SolutionProperties) = preSolution
		HideSolutionNode = FALSE
	EndGlobalSection
	GlobalSection(ExtensibilityGlobals) = postSolution
		SolutionGuid = {9187135C-61B8-4476-9918-BBBAA5986BD0}
	EndGlobalSection
EndGlobal
